
Microsoft Visual Studio Solution File, Format Version 12.00
# Visual Studio Version 17
VisualStudioVersion = 17.6.33723.286
MinimumVisualStudioVersion = 10.0.40219.1
Project("{FAE04EC0-301F-11D3-BF4B-00C04F79EFBC}") = "Reporte de Surtido", "Reporte de Surtido\Reporte de Surtido.csproj", "{5FB6FB00-1414-4C1D-88AD-5EBB652A0711}"
EndProject
Global
	GlobalSection(SolutionConfigurationPlatforms) = preSolution
		Debug|Any CPU = Debug|Any CPU
		Release|Any CPU = Release|Any CPU
	EndGlobalSection
	GlobalSection(ProjectConfigurationPlatforms) = postSolution
		{5FB6FB00-1414-4C1D-88AD-5EBB652A0711}.Debug|Any CPU.ActiveCfg = Debug|Any CPU
		{5FB6FB00-1414-4C1D-88AD-5EBB652A0711}.Debug|Any CPU.Build.0 = Debug|Any CPU
		{5FB6FB00-1414-4C1D-88AD-5EBB652A0711}.Release|Any CPU.ActiveCfg = Release|Any CPU
		{5FB6FB00-1414-4C1D-88AD-5EBB652A0711}.Release|Any CPU.Build.0 = Release|Any CPU
	EndGlobalSection
	GlobalSection(SolutionProperties) = preSolution
		HideSolutionNode = FALSE
	EndGlobalSection
	GlobalSection(ExtensibilityGlobals) = postSolution
		SolutionGuid = {1A9C82A8-1F54-44BA-9B8F-BEE8B0169E92}
	EndGlobalSection
EndGlobal
